// !$*UTF8*$!
{
	archiveVersion = 1;
	classes = {
	};
	objectVersion = 50;
	objects = {

/* Begin PBXBuildFile section */
		F728F89E2592B200004AD068 /* Enemy.swift in Sources */ = {isa = PBXBuildFile; fileRef = F728F89D2592B200004AD068 /* Enemy.swift */; };
		F728F8A12592BE29004AD068 /* EnemyStats.json in Resources */ = {isa = PBXBuildFile; fileRef = F728F8A02592BE29004AD068 /* EnemyStats.json */; };
		F728F8A42592D277004AD068 /* ModelData.swift in Sources */ = {isa = PBXBuildFile; fileRef = F728F8A32592D277004AD068 /* ModelData.swift */; };
		F73746472590C7A7006D1ECF /* Voices_in_My_HeadApp.swift in Sources */ = {isa = PBXBuildFile; fileRef = F73746462590C7A7006D1ECF /* Voices_in_My_HeadApp.swift */; };
		F73746492590C7A7006D1ECF /* ContentView.swift in Sources */ = {isa = PBXBuildFile; fileRef = F73746482590C7A7006D1ECF /* ContentView.swift */; };
		F737464B2590C7AA006D1ECF /* Assets.xcassets in Resources */ = {isa = PBXBuildFile; fileRef = F737464A2590C7AA006D1ECF /* Assets.xcassets */; };
		F737464E2590C7AA006D1ECF /* Preview Assets.xcassets in Resources */ = {isa = PBXBuildFile; fileRef = F737464D2590C7AA006D1ECF /* Preview Assets.xcassets */; };
/* End PBXBuildFile section */

/* Begin PBXFileReference section */
		F728F89D2592B200004AD068 /* Enemy.swift */ = {isa = PBXFileReference; lastKnownFileType = sourcecode.swift; path = Enemy.swift; sourceTree = "<group>"; };
		F728F8A02592BE29004AD068 /* EnemyStats.json */ = {isa = PBXFileReference; lastKnownFileType = text.json; path = EnemyStats.json; sourceTree = "<group>"; };
		F728F8A32592D277004AD068 /* ModelData.swift */ = {isa = PBXFileReference; lastKnownFileType = sourcecode.swift; path = ModelData.swift; sourceTree = "<group>"; };
		F73746432590C7A7006D1ECF /* Voices in My Head.app */ = {isa = PBXFileReference; explicitFileType = wrapper.application; includeInIndex = 0; path = "Voices in My Head.app"; sourceTree = BUILT_PRODUCTS_DIR; };
		F73746462590C7A7006D1ECF /* Voices_in_My_HeadApp.swift */ = {isa = PBXFileReference; lastKnownFileType = sourcecode.swift; name = Voices_in_My_HeadApp.swift; path = "Voices in My Head/Voices_in_My_HeadApp.swift"; sourceTree = SOURCE_ROOT; };
		F73746482590C7A7006D1ECF /* ContentView.swift */ = {isa = PBXFileReference; lastKnownFileType = sourcecode.swift; name = ContentView.swift; path = "Voices in My Head/Views/ContentView.swift"; sourceTree = SOURCE_ROOT; };
		F737464A2590C7AA006D1ECF /* Assets.xcassets */ = {isa = PBXFileReference; lastKnownFileType = folder.assetcatalog; path = Assets.xcassets; sourceTree = "<group>"; };
		F737464D2590C7AA006D1ECF /* Preview Assets.xcassets */ = {isa = PBXFileReference; lastKnownFileType = folder.assetcatalog; path = "Preview Assets.xcassets"; sourceTree = "<group>"; };
		F737464F2590C7AA006D1ECF /* Info.plist */ = {isa = PBXFileReference; lastKnownFileType = text.plist.xml; path = Info.plist; sourceTree = "<group>"; };
/* End PBXFileReference section */

/* Begin PBXFrameworksBuildPhase section */
		F73746402590C7A7006D1ECF /* Frameworks */ = {
			isa = PBXFrameworksBuildPhase;
			buildActionMask = 2147483647;
			files = (
			);
			runOnlyForDeploymentPostprocessing = 0;
		};
/* End PBXFrameworksBuildPhase section */

/* Begin PBXGroup section */
		F728F8A62592D44D004AD068 /* Views */ = {
			isa = PBXGroup;
			children = (
				F73746482590C7A7006D1ECF /* ContentView.swift */,
			);
			path = Views;
			sourceTree = "<group>";
		};
		F728F8A72592D46A004AD068 /* Resources */ = {
			isa = PBXGroup;
			children = (
				F728F8A02592BE29004AD068 /* EnemyStats.json */,
			);
			path = Resources;
			sourceTree = "<group>";
		};
		F728F8A82592D486004AD068 /* Model */ = {
			isa = PBXGroup;
			children = (
				F728F8A32592D277004AD068 /* ModelData.swift */,
				F728F89D2592B200004AD068 /* Enemy.swift */,
			);
			path = Model;
			sourceTree = "<group>";
		};
		F737463A2590C7A7006D1ECF = {
			isa = PBXGroup;
			children = (
				F73746452590C7A7006D1ECF /* Voices in My Head */,
				F73746442590C7A7006D1ECF /* Products */,
			);
			sourceTree = "<group>";
		};
		F73746442590C7A7006D1ECF /* Products */ = {
			isa = PBXGroup;
			children = (
				F73746432590C7A7006D1ECF /* Voices in My Head.app */,
			);
			name = Products;
			sourceTree = "<group>";
		};
		F73746452590C7A7006D1ECF /* Voices in My Head */ = {
			isa = PBXGroup;
			children = (
				F73746462590C7A7006D1ECF /* Voices_in_My_HeadApp.swift */,
				F728F8A62592D44D004AD068 /* Views */,
				F728F8A82592D486004AD068 /* Model */,
				F728F8A72592D46A004AD068 /* Resources */,
				F737464A2590C7AA006D1ECF /* Assets.xcassets */,
				F737464F2590C7AA006D1ECF /* Info.plist */,
				F737464C2590C7AA006D1ECF /* Preview Content */,
			);
			path = "Voices in My Head";
			sourceTree = "<group>";
		};
		F737464C2590C7AA006D1ECF /* Preview Content */ = {
			isa = PBXGroup;
			children = (
				F737464D2590C7AA006D1ECF /* Preview Assets.xcassets */,
			);
			path = "Preview Content";
			sourceTree = "<group>";
		};
/* End PBXGroup section */

/* Begin PBXNativeTarget section */
		F73746422590C7A7006D1ECF /* Voices in My Head */ = {
			isa = PBXNativeTarget;
			buildConfigurationList = F73746522590C7AA006D1ECF /* Build configuration list for PBXNativeTarget "Voices in My Head" */;
			buildPhases = (
				F737463F2590C7A7006D1ECF /* Sources */,
				F73746402590C7A7006D1ECF /* Frameworks */,
				F73746412590C7A7006D1ECF /* Resources */,
			);
			buildRules = (
			);
			dependencies = (
			);
			name = "Voices in My Head";
			productName = "Voices in My Head";
			productReference = F73746432590C7A7006D1ECF /* Voices in My Head.app */;
			productType = "com.apple.product-type.application";
		};
/* End PBXNativeTarget section */

/* Begin PBXProject section */
		F737463B2590C7A7006D1ECF /* Project object */ = {
			isa = PBXProject;
			attributes = {
				LastSwiftUpdateCheck = 1230;
				LastUpgradeCheck = 1230;
				TargetAttributes = {
					F73746422590C7A7006D1ECF = {
						CreatedOnToolsVersion = 12.3;
					};
				};
			};
			buildConfigurationList = F737463E2590C7A7006D1ECF /* Build configuration list for PBXProject "Voices in My Head" */;
			compatibilityVersion = "Xcode 9.3";
			developmentRegion = en;
			hasScannedForEncodings = 0;
			knownRegions = (
				en,
				Base,
			);
			mainGroup = F737463A2590C7A7006D1ECF;
			productRefGroup = F73746442590C7A7006D1ECF /* Products */;
			projectDirPath = "";
			projectRoot = "";
			targets = (
				F73746422590C7A7006D1ECF /* Voices in My Head */,
			);
		};
/* End PBXProject section */

/* Begin PBXResourcesBuildPhase section */
		F73746412590C7A7006D1ECF /* Resources */ = {
			isa = PBXResourcesBuildPhase;
			buildActionMask = 2147483647;
			files = (
				F728F8A12592BE29004AD068 /* EnemyStats.json in Resources */,
				F737464E2590C7AA006D1ECF /* Preview Assets.xcassets in Resources */,
				F737464B2590C7AA006D1ECF /* Assets.xcassets in Resources */,
			);
			runOnlyForDeploymentPostprocessing = 0;
		};
/* End PBXResourcesBuildPhase section */

/* Begin PBXSourcesBuildPhase section */
		F737463F2590C7A7006D1ECF /* Sources */ = {
			isa = PBXSourcesBuildPhase;
			buildActionMask = 2147483647;
			files = (
				F73746492590C7A7006D1ECF /* ContentView.swift in Sources */,
				F728F8A42592D277004AD068 /* ModelData.swift in Sources */,
				F73746472590C7A7006D1ECF /* Voices_in_My_HeadApp.swift in Sources */,
				F728F89E2592B200004AD068 /* Enemy.swift in Sources */,
			);
			runOnlyForDeploymentPostprocessing = 0;
		};
/* End PBXSourcesBuildPhase section */

/* Begin XCBuildConfiguration section */
		F73746502590C7AA006D1ECF /* Debug */ = {
			isa = XCBuildConfiguration;
			buildSettings = {
				ALWAYS_SEARCH_USER_PATHS = NO;
				CLANG_ANALYZER_NONNULL = YES;
				CLANG_ANALYZER_NUMBER_OBJECT_CONVERSION = YES_AGGRESSIVE;
				CLANG_CXX_LANGUAGE_STANDARD = "gnu++14";
				CLANG_CXX_LIBRARY = "libc++";
				CLANG_ENABLE_MODULES = YES;
				CLANG_ENABLE_OBJC_ARC = YES;
				CLANG_ENABLE_OBJC_WEAK = YES;
				CLANG_WARN_BLOCK_CAPTURE_AUTORELEASING = YES;
				CLANG_WARN_BOOL_CONVERSION = YES;
				CLANG_WARN_COMMA = YES;
				CLANG_WARN_CONSTANT_CONVERSION = YES;
				CLANG_WARN_DEPRECATED_OBJC_IMPLEMENTATIONS = YES;
				CLANG_WARN_DIRECT_OBJC_ISA_USAGE = YES_ERROR;
				CLANG_WARN_DOCUMENTATION_COMMENTS = YES;
				CLANG_WARN_EMPTY_BODY = YES;
				CLANG_WARN_ENUM_CONVERSION = YES;
				CLANG_WARN_INFINITE_RECURSION = YES;
				CLANG_WARN_INT_CONVERSION = YES;
				CLANG_WARN_NON_LITERAL_NULL_CONVERSION = YES;
				CLANG_WARN_OBJC_IMPLICIT_RETAIN_SELF = YES;
				CLANG_WARN_OBJC_LITERAL_CONVERSION = YES;
				CLANG_WARN_OBJC_ROOT_CLASS = YES_ERROR;
				CLANG_WARN_QUOTED_INCLUDE_IN_FRAMEWORK_HEADER = YES;
				CLANG_WARN_RANGE_LOOP_ANALYSIS = YES;
				CLANG_WARN_STRICT_PROTOTYPES = YES;
				CLANG_WARN_SUSPICIOUS_MOVE = YES;
				CLANG_WARN_UNGUARDED_AVAILABILITY = YES_AGGRESSIVE;
				CLANG_WARN_UNREACHABLE_CODE = YES;
				CLANG_WARN__DUPLICATE_METHOD_MATCH = YES;
				COPY_PHASE_STRIP = NO;
				DEBUG_INFORMATION_FORMAT = dwarf;
				ENABLE_STRICT_OBJC_MSGSEND = YES;
				ENABLE_TESTABILITY = YES;
				GCC_C_LANGUAGE_STANDARD = gnu11;
				GCC_DYNAMIC_NO_PIC = NO;
				GCC_NO_COMMON_BLOCKS = YES;
				GCC_OPTIMIZATION_LEVEL = 0;
				GCC_PREPROCESSOR_DEFINITIONS = (
					"DEBUG=1",
					"$(inherited)",
				);
				GCC_WARN_64_TO_32_BIT_CONVERSION = YES;
				GCC_WARN_ABOUT_RETURN_TYPE = YES_ERROR;
				GCC_WARN_UNDECLARED_SELECTOR = YES;
				GCC_WARN_UNINITIALIZED_AUTOS = YES_AGGRESSIVE;
				GCC_WARN_UNUSED_FUNCTION = YES;
				GCC_WARN_UNUSED_VARIABLE = YES;
				IPHONEOS_DEPLOYMENT_TARGET = 14.3;
				MTL_ENABLE_DEBUG_INFO = INCLUDE_SOURCE;
				MTL_FAST_MATH = YES;
				ONLY_ACTIVE_ARCH = YES;
				SDKROOT = iphoneos;
				SWIFT_ACTIVE_COMPILATION_CONDITIONS = DEBUG;
				SWIFT_OPTIMIZATION_LEVEL = "-Onone";
			};
			name = Debug;
		};
		F73746512590C7AA006D1ECF /* Release */ = {
			isa = XCBuildConfiguration;
			buildSettings = {
				ALWAYS_SEARCH_USER_PATHS = NO;
				CLANG_ANALYZER_NONNULL = YES;
				CLANG_ANALYZER_NUMBER_OBJECT_CONVERSION = YES_AGGRESSIVE;
				CLANG_CXX_LANGUAGE_STANDARD = "gnu++14";
				CLANG_CXX_LIBRARY = "libc++";
				CLANG_ENABLE_MODULES = YES;
				CLANG_ENABLE_OBJC_ARC = YES;
				CLANG_ENABLE_OBJC_WEAK = YES;
				CLANG_WARN_BLOCK_CAPTURE_AUTORELEASING = YES;
				CLANG_WARN_BOOL_CONVERSION = YES;
				CLANG_WARN_COMMA = YES;
				CLANG_WARN_CONSTANT_CONVERSION = YES;
				CLANG_WARN_DEPRECATED_OBJC_IMPLEMENTATIONS = YES;
				CLANG_WARN_DIRECT_OBJC_ISA_USAGE = YES_ERROR;
				CLANG_WARN_DOCUMENTATION_COMMENTS = YES;
				CLANG_WARN_EMPTY_BODY = YES;
				CLANG_WARN_ENUM_CONVERSION = YES;
				CLANG_WARN_INFINITE_RECURSION = YES;
				CLANG_WARN_INT_CONVERSION = YES;
				CLANG_WARN_NON_LITERAL_NULL_CONVERSION = YES;
				CLANG_WARN_OBJC_IMPLICIT_RETAIN_SELF = YES;
				CLANG_WARN_OBJC_LITERAL_CONVERSION = YES;
				CLANG_WARN_OBJC_ROOT_CLASS = YES_ERROR;
				CLANG_WARN_QUOTED_INCLUDE_IN_FRAMEWORK_HEADER = YES;
				CLANG_WARN_RANGE_LOOP_ANALYSIS = YES;
				CLANG_WARN_STRICT_PROTOTYPES = YES;
				CLANG_WARN_SUSPICIOUS_MOVE = YES;
				CLANG_WARN_UNGUARDED_AVAILABILITY = YES_AGGRESSIVE;
				CLANG_WARN_UNREACHABLE_CODE = YES;
				CLANG_WARN__DUPLICATE_METHOD_MATCH = YES;
				COPY_PHASE_STRIP = NO;
				DEBUG_INFORMATION_FORMAT = "dwarf-with-dsym";
				ENABLE_NS_ASSERTIONS = NO;
				ENABLE_STRICT_OBJC_MSGSEND = YES;
				GCC_C_LANGUAGE_STANDARD = gnu11;
				GCC_NO_COMMON_BLOCKS = YES;
				GCC_WARN_64_TO_32_BIT_CONVERSION = YES;
				GCC_WARN_ABOUT_RETURN_TYPE = YES_ERROR;
				GCC_WARN_UNDECLARED_SELECTOR = YES;
				GCC_WARN_UNINITIALIZED_AUTOS = YES_AGGRESSIVE;
				GCC_WARN_UNUSED_FUNCTION = YES;
				GCC_WARN_UNUSED_VARIABLE = YES;
				IPHONEOS_DEPLOYMENT_TARGET = 14.3;
				MTL_ENABLE_DEBUG_INFO = NO;
				MTL_FAST_MATH = YES;
				SDKROOT = iphoneos;
				SWIFT_COMPILATION_MODE = wholemodule;
				SWIFT_OPTIMIZATION_LEVEL = "-O";
				VALIDATE_PRODUCT = YES;
			};
			name = Release;
		};
		F73746532590C7AA006D1ECF /* Debug */ = {
			isa = XCBuildConfiguration;
			buildSettings = {
				ASSETCATALOG_COMPILER_APPICON_NAME = AppIcon;
				ASSETCATALOG_COMPILER_GLOBAL_ACCENT_COLOR_NAME = AccentColor;
				CODE_SIGN_STYLE = Automatic;
				DEVELOPMENT_ASSET_PATHS = "\"Voices in My Head/Preview Content\"";
				DEVELOPMENT_TEAM = J8RCW6524C;
				ENABLE_PREVIEWS = YES;
				INFOPLIST_FILE = "Voices in My Head/Info.plist";
				IPHONEOS_DEPLOYMENT_TARGET = 14.0;
				LD_RUNPATH_SEARCH_PATHS = (
					"$(inherited)",
					"@executable_path/Frameworks",
				);
				PRODUCT_BUNDLE_IDENTIFIER = "Toyo-Games.Voices-in-My-Head";
				PRODUCT_NAME = "$(TARGET_NAME)";
				SWIFT_VERSION = 5.0;
				TARGETED_DEVICE_FAMILY = "1,2";
			};
			name = Debug;
		};
		F73746542590C7AA006D1ECF /* Release */ = {
			isa = XCBuildConfiguration;
			buildSettings = {
				ASSETCATALOG_COMPILER_APPICON_NAME = AppIcon;
				ASSETCATALOG_COMPILER_GLOBAL_ACCENT_COLOR_NAME = AccentColor;
				CODE_SIGN_STYLE = Automatic;
				DEVELOPMENT_ASSET_PATHS = "\"Voices in My Head/Preview Content\"";
				DEVELOPMENT_TEAM = J8RCW6524C;
				ENABLE_PREVIEWS = YES;
				INFOPLIST_FILE = "Voices in My Head/Info.plist";
				IPHONEOS_DEPLOYMENT_TARGET = 14.0;
				LD_RUNPATH_SEARCH_PATHS = (
					"$(inherited)",
					"@executable_path/Frameworks",
				);
				PRODUCT_BUNDLE_IDENTIFIER = "Toyo-Games.Voices-in-My-Head";
				PRODUCT_NAME = "$(TARGET_NAME)";
				SWIFT_VERSION = 5.0;
				TARGETED_DEVICE_FAMILY = "1,2";
			};
			name = Release;
		};
/* End XCBuildConfiguration section */

/* Begin XCConfigurationList section */
		F737463E2590C7A7006D1ECF /* Build configuration list for PBXProject "Voices in My Head" */ = {
			isa = XCConfigurationList;
			buildConfigurations = (
				F73746502590C7AA006D1ECF /* Debug */,
				F73746512590C7AA006D1ECF /* Release */,
			);
			defaultConfigurationIsVisible = 0;
			defaultConfigurationName = Release;
		};
		F73746522590C7AA006D1ECF /* Build configuration list for PBXNativeTarget "Voices in My Head" */ = {
			isa = XCConfigurationList;
			buildConfigurations = (
				F73746532590C7AA006D1ECF /* Debug */,
				F73746542590C7AA006D1ECF /* Release */,
			);
			defaultConfigurationIsVisible = 0;
			defaultConfigurationName = Release;
		};
/* End XCConfigurationList section */
	};
	rootObject = F737463B2590C7A7006D1ECF /* Project object */;
}
